
Microsoft Visual Studio Solution File, Format Version 12.00
# Visual Studio Version 17
VisualStudioVersion = 17.14.36623.8 d17.14
MinimumVisualStudioVersion = 10.0.40219.1
Project("{FAE04EC0-301F-11D3-BF4B-00C04F79EFBC}") = "LogInForm", "LogInForm.csproj", "{7E7DB7BC-4E02-4698-AF3B-BACE3F8E278F}"
EndProject
Global
	GlobalSection(SolutionConfigurationPlatforms) = preSolution
		Debug|Any CPU = Debug|Any CPU
		Release|Any CPU = Release|Any CPU
	EndGlobalSection
	GlobalSection(ProjectConfigurationPlatforms) = postSolution
		{7E7DB7BC-4E02-4698-AF3B-BACE3F8E278F}.Debug|Any CPU.ActiveCfg = Debug|Any CPU
		{7E7DB7BC-4E02-4698-AF3B-BACE3F8E278F}.Debug|Any CPU.Build.0 = Debug|Any CPU
		{7E7DB7BC-4E02-4698-AF3B-BACE3F8E278F}.Release|Any CPU.ActiveCfg = Release|Any CPU
		{7E7DB7BC-4E02-4698-AF3B-BACE3F8E278F}.Release|Any CPU.Build.0 = Release|Any CPU
	EndGlobalSection
	GlobalSection(SolutionProperties) = preSolution
		HideSolutionNode = FALSE
	EndGlobalSection
	GlobalSection(ExtensibilityGlobals) = postSolution
		SolutionGuid = {8551177C-F210-49D4-A216-85F5F7FFCD3F}
	EndGlobalSection
EndGlobal
